{
  "name": "@sakuraapp/player",
  "version": "1.0.0",
  "lockfileVersion": 2,
  "requires": true,
  "packages": {
    "": {
      "name": "@sakuraapp/player",
      "version": "1.0.0",
      "license": "AGPL-3.0-only",
      "dependencies": {
        "events": "^3.3.0"
      },
      "devDependencies": {
        "@types/chrome": "^0.0.144",
        "@types/events": "^3.0.0",
        "@types/jwplayer": "^8.2.6",
        "@types/video.js": "^7.3.19",
        "typescript": "^4.3.2"
      }
    },
    "node_modules/@types/chrome": {
      "version": "0.0.144",
      "resolved": "https://registry.npmjs.org/@types/chrome/-/chrome-0.0.144.tgz",
      "integrity": "sha512-BgoiO7/KP9hRNrCR2Wq+aKWT5Dh9bTofuWaRtcqPcj8YKhZojQgb6sSdIqvds2C+eO63BwaR9KHVMYYgZdGGBg==",
      "dev": true,
      "dependencies": {
        "@types/filesystem": "*",
        "@types/har-format": "*"
      }
    },
    "node_modules/@types/events": {
      "version": "3.0.0",
      "resolved": "https://registry.npmjs.org/@types/events/-/events-3.0.0.tgz",
      "integrity": "sha512-EaObqwIvayI5a8dCzhFrjKzVwKLxjoG9T6Ppd5CEo07LRKfQ8Yokw54r5+Wq7FaBQ+yXRvQAYPrHwya1/UFt9g==",
      "dev": true
    },
    "node_modules/@types/filesystem": {
      "version": "0.0.30",
      "resolved": "https://registry.npmjs.org/@types/filesystem/-/filesystem-0.0.30.tgz",
      "integrity": "sha512-NCoRgmGmLpTT9VFL6Bb6z0jQuqI3d0E5FGl7M0JOv/J5RQYo9s5aOItPYnpckx9MbYQk1APLXcF8f20Vqnf2yA==",
      "dev": true,
      "dependencies": {
        "@types/filewriter": "*"
      }
    },
    "node_modules/@types/filewriter": {
      "version": "0.0.29",
      "resolved": "https://registry.npmjs.org/@types/filewriter/-/filewriter-0.0.29.tgz",
      "integrity": "sha512-BsPXH/irW0ht0Ji6iw/jJaK8Lj3FJemon2gvEqHKpCdDCeemHa+rI3WBGq5z7cDMZgoLjY40oninGxqk+8NzNQ==",
      "dev": true
    },
    "node_modules/@types/har-format": {
      "version": "1.2.5",
      "resolved": "https://registry.npmjs.org/@types/har-format/-/har-format-1.2.5.tgz",
      "integrity": "sha512-IG8AE1m2pWtPqQ7wXhFhy6Q59bwwnLwO36v5Rit2FrbXCIp8Sk8E2PfUCreyrdo17STwFSKDAkitVuVYbpEHvQ==",
      "dev": true
    },
    "node_modules/@types/jwplayer": {
      "version": "8.2.6",
      "resolved": "https://registry.npmjs.org/@types/jwplayer/-/jwplayer-8.2.6.tgz",
      "integrity": "sha512-1gOPtEwh7OwrJxqBE18IdzI/pPpYeD9AnKVoi8ROMWC+hMfZxrmpZIuvTG3vChTiQe3ENIGYBABVRYwf5gJsPA==",
      "dev": true
    },
    "node_modules/@types/video.js": {
      "version": "7.3.19",
      "resolved": "https://registry.npmjs.org/@types/video.js/-/video.js-7.3.19.tgz",
      "integrity": "sha512-Hi/JSs7kH55X0KnOAmuO/U8MGzlUhizCUIPNQ4kPruV0aEzRjC1ICkZeCZ90dJLDbgBMyuoZuzFWZSy581asUQ==",
      "dev": true
    },
    "node_modules/events": {
      "version": "3.3.0",
      "resolved": "https://registry.npmjs.org/events/-/events-3.3.0.tgz",
      "integrity": "sha512-mQw+2fkQbALzQ7V0MY0IqdnXNOeTtP4r0lN9z7AAawCXgqea7bDii20AYrIBrFd/Hx0M2Ocz6S111CaFkUcb0Q==",
      "engines": {
        "node": ">=0.8.x"
      }
    },
    "node_modules/typescript": {
      "version": "4.3.2",
      "resolved": "https://registry.npmjs.org/typescript/-/typescript-4.3.2.tgz",
      "integrity": "sha512-zZ4hShnmnoVnAHpVHWpTcxdv7dWP60S2FsydQLV8V5PbS3FifjWFFRiHSWpDJahly88PRyV5teTSLoq4eG7mKw==",
      "dev": true,
      "bin": {
        "tsc": "bin/tsc",
        "tsserver": "bin/tsserver"
      },
      "engines": {
        "node": ">=4.2.0"
      }
    }
  },
  "dependencies": {
    "@types/chrome": {
      "version": "0.0.144",
      "resolved": "https://registry.npmjs.org/@types/chrome/-/chrome-0.0.144.tgz",
      "integrity": "sha512-BgoiO7/KP9hRNrCR2Wq+aKWT5Dh9bTofuWaRtcqPcj8YKhZojQgb6sSdIqvds2C+eO63BwaR9KHVMYYgZdGGBg==",
      "dev": true,
      "requires": {
        "@types/filesystem": "*",
        "@types/har-format": "*"
      }
    },
    "@types/events": {
      "version": "3.0.0",
      "resolved": "https://registry.npmjs.org/@types/events/-/events-3.0.0.tgz",
      "integrity": "sha512-EaObqwIvayI5a8dCzhFrjKzVwKLxjoG9T6Ppd5CEo07LRKfQ8Yokw54r5+Wq7FaBQ+yXRvQAYPrHwya1/UFt9g==",
      "dev": true
    },
    "@types/filesystem": {
      "version": "0.0.30",
      "resolved": "https://registry.npmjs.org/@types/filesystem/-/filesystem-0.0.30.tgz",
      "integrity": "sha512-NCoRgmGmLpTT9VFL6Bb6z0jQuqI3d0E5FGl7M0JOv/J5RQYo9s5aOItPYnpckx9MbYQk1APLXcF8f20Vqnf2yA==",
      "dev": true,
      "requires": {
        "@types/filewriter": "*"
      }
    },
    "@types/filewriter": {
      "version": "0.0.29",
      "resolved": "https://registry.npmjs.org/@types/filewriter/-/filewriter-0.0.29.tgz",
      "integrity": "sha512-BsPXH/irW0ht0Ji6iw/jJaK8Lj3FJemon2gvEqHKpCdDCeemHa+rI3WBGq5z7cDMZgoLjY40oninGxqk+8NzNQ==",
      "dev": true
    },
    "@types/har-format": {
      "version": "1.2.5",
      "resolved": "https://registry.npmjs.org/@types/har-format/-/har-format-1.2.5.tgz",
      "integrity": "sha512-IG8AE1m2pWtPqQ7wXhFhy6Q59bwwnLwO36v5Rit2FrbXCIp8Sk8E2PfUCreyrdo17STwFSKDAkitVuVYbpEHvQ==",
      "dev": true
    },
    "@types/jwplayer": {
      "version": "8.2.6",
      "resolved": "https://registry.npmjs.org/@types/jwplayer/-/jwplayer-8.2.6.tgz",
      "integrity": "sha512-1gOPtEwh7OwrJxqBE18IdzI/pPpYeD9AnKVoi8ROMWC+hMfZxrmpZIuvTG3vChTiQe3ENIGYBABVRYwf5gJsPA==",
      "dev": true
    },
    "@types/video.js": {
      "version": "7.3.19",
      "resolved": "https://registry.npmjs.org/@types/video.js/-/video.js-7.3.19.tgz",
      "integrity": "sha512-Hi/JSs7kH55X0KnOAmuO/U8MGzlUhizCUIPNQ4kPruV0aEzRjC1ICkZeCZ90dJLDbgBMyuoZuzFWZSy581asUQ==",
      "dev": true
    },
    "events": {
      "version": "3.3.0",
      "resolved": "https://registry.npmjs.org/events/-/events-3.3.0.tgz",
      "integrity": "sha512-mQw+2fkQbALzQ7V0MY0IqdnXNOeTtP4r0lN9z7AAawCXgqea7bDii20AYrIBrFd/Hx0M2Ocz6S111CaFkUcb0Q=="
    },
    "typescript": {
      "version": "4.3.2",
      "resolved": "https://registry.npmjs.org/typescript/-/typescript-4.3.2.tgz",
      "integrity": "sha512-zZ4hShnmnoVnAHpVHWpTcxdv7dWP60S2FsydQLV8V5PbS3FifjWFFRiHSWpDJahly88PRyV5teTSLoq4eG7mKw==",
      "dev": true
    }
  }
}
